{
  "schema_version": 1,
  "files": [
    {
      "path": "COC.md",
      "sha256": "d2ecab8cbebd1f07381ee90218cd2cfb3f0224653e2a011c9ffab5c804133517"
    },
    {
      "path": "agents/AI-SPECIALIST.md",
      "sha256": "463e56485d5da80d0f7a6bac9a4de1872ff4ed7d80b64ec05031e6c55b180241"
    },
    {
      "path": "agents/ANALYST.md",
      "sha256": "f3d735b3b39fd21e9ee3f161c72ae33eccaca249f001e6f4395e0be8a2f3f504"
    },
    {
      "path": "agents/API-SPECIALIST.md",
      "sha256": "e6acefd1747696c5bebe83ff7cd2b43a35d9dc87abb22e29a19e7ce2d33e3f06"
    },
    {
      "path": "agents/BUILD-FIX.md",
      "sha256": "13b6bbf6d676a254995e7a619c62435f16273d3d18a9df3fb24b46c7064bd7fc"
    },
    {
      "path": "agents/CC-ARCHITECT.md",
      "sha256": "fdb1ed44ec11e0b70916a758b2a695a4df62d4af42a41f088be8591f7aaba598"
    },
    {
      "path": "agents/COC-ONBOARDING-SPECIALIST.md",
      "sha256": "e656ed86d116da698cb418f7b50743f9caf92eefcb576a509910af8975282733"
    },
    {
      "path": "agents/CODEX-ARCHITECT.md",
      "sha256": "bed6aaa1cc3030c8eacc9e9bc7c13ed4b5f52ae5798e34583559be0936c43ab5"
    },
    {
      "path": "agents/DB-SPECIALIST.md",
      "sha256": "c7be36040539e55dbffc860b8a7a8b8e0748657fe12f7f40b74b5b88126d0776"
    },
    {
      "path": "agents/FLUTTER-SPECIALIST.md",
      "sha256": "fc0d27aceeb8acc6b42142e1377f7456761cf1d3e444f6486a2376b728d8561f"
    },
    {
      "path": "agents/GEMINI-ARCHITECT.md",
      "sha256": "a3212eafcade2b9302877b983f2ae39950c7b0d1145711e935b86c399ebb33f9"
    },
    {
      "path": "agents/GOLD-STANDARDS-VALIDATOR.md",
      "sha256": "96f7a20b7fb3cff83c48ed7598188f608e6c1f95f77b7454f3c317a6a9beae5b"
    },
    {
      "path": "agents/IDIOM-ADVISOR.md",
      "sha256": "ad7225300a1612f80560bf93bb77671a4e81b8ab6c0e7ec0e57b727e7e7108c8"
    },
    {
      "path": "agents/REACT-SPECIALIST.md",
      "sha256": "b7a3c54b2d192d8adb9f74785544ac828a1ca690abf0f95e324bf89e02a6b939"
    },
    {
      "path": "agents/RELEASE-SPECIALIST.md",
      "sha256": "66351da7db2ef632be67556094f8fb4cc4b37aa7f7e2b4fee33516ae73867d82"
    },
    {
      "path": "agents/REVIEWER.md",
      "sha256": "bf0b8528154b064a8c4e9d76b3a76da29a703890ded6ca0acb40531c83ae6659"
    },
    {
      "path": "agents/SECURITY-REVIEWER.md",
      "sha256": "9ce4ff6eb3f29b2b0788cc9b7795f2c451891e693a47eece50f0a54a96d5f3f6"
    },
    {
      "path": "agents/STACK-DETECTOR.md",
      "sha256": "44af56b44e3788af71b19ac775818f37b7c9c35e78370c8984ad12a57af473c0"
    },
    {
      "path": "agents/TDD-IMPLEMENTER.md",
      "sha256": "80f5a5c7c6ed487c50d748eb588a9d6a5e2b687d79ee6e316501383faf21a6d4"
    },
    {
      "path": "agents/TESTING-SPECIALIST.md",
      "sha256": "0097faffce11d1ba1a4b2543605f7c10fc1e792f98e37efc07d112aecc4ac44f"
    },
    {
      "path": "agents/UIUX-DESIGNER.md",
      "sha256": "799fe4b665373feab80a31376ca8a88965949ae883a27053ead3ebb7c5d55358"
    },
    {
      "path": "agents/VALUE-AUDITOR.md",
      "sha256": "c311e7494a8b5d7539d729ea7d182badae7b6bd318cd2df87118b9329c1bea9f"
    },
    {
      "path": "commands/ANALYZE.md",
      "sha256": "f94a4dc9091f1715749612e176e713e3754449003d28331871e7559f1db1953f"
    },
    {
      "path": "commands/AUTONOMIZE.md",
      "sha256": "fdc9a44da365f7077415518feb75562a9d87404c01caab7fdce4cc2ba0c4fe1d"
    },
    {
      "path": "commands/CC-AUDIT.md",
      "sha256": "50b9807e0a2afc814a35184cf03cd956a16f62a2203f8bc41c22e5374dd70357"
    },
    {
      "path": "commands/CERTIFY.md",
      "sha256": "121947cc3babfe89280834998f06b78203f0dea49166c4193fb15dfcfc1d5d77"
    },
    {
      "path": "commands/CLAIM.md",
      "sha256": "c1b674e161a2ad623e060a5ef7028666eb4fa389e05da6af9f83ff2388f7e6ae"
    },
    {
      "path": "commands/CLAIMS.md",
      "sha256": "12163f4df8422ea368c379cb67ffc8d7c60b10a963c047016065bf1ea87aa288"
    },
    {
      "path": "commands/CLEAN-INSTANTIATE.md",
      "sha256": "badf6177bfe58fd2cad04a7c0ea1a566f4be9cbcd8cbb605c2f56573980b6378"
    },
    {
      "path": "commands/CODIFY.md",
      "sha256": "6914aebaf2523ddb0bc618279355315689a187672a8a1c96281fe7594ebc3edd"
    },
    {
      "path": "commands/CONFORMANCE-WALK.md",
      "sha256": "011b4c2f31b3c133fb6cb2daf59d6f5bb02b1ca31469c9dafdd9235875a3287f"
    },
    {
      "path": "commands/COST-AUDIT.md",
      "sha256": "a2c30a3996e68b1a89b35faaa63b45c837f0f9395e766bad2dc1fe015cf679cb"
    },
    {
      "path": "commands/CROSS-REPO-AUTHORIZE.md",
      "sha256": "00efe93ce5d58b891452a5dac1ecc6d88edab6e61eff269a3ae830e30b79cd7b"
    },
    {
      "path": "commands/DEPLOY.md",
      "sha256": "1928a9171f3b6563b0640aa2d332a9877c9d674e732fd2f49879fa16df21c560"
    },
    {
      "path": "commands/DESIGN.md",
      "sha256": "c00a28eade81d9aefd6792f6c0f92773eafc3e94a0818d14e7a5b194ca8774c3"
    },
    {
      "path": "commands/DOCTOR.md",
      "sha256": "a58f2382b558f60eab67e96e4671d6af5c361248f12051ca1caf08c97d6820d0"
    },
    {
      "path": "commands/ECOSYSTEM-INIT.md",
      "sha256": "2de4174f07306db9bb1e5c37e0346e6745c5547f1b657eb46767e11bbcce2ef5"
    },
    {
      "path": "commands/ENROLL.md",
      "sha256": "12edad436c0c9af63a48f7b83ddbda2d1f3dcbe0e485bd0ed828e377acd5e9c3"
    },
    {
      "path": "commands/I-AUDIT.md",
      "sha256": "aa7ea265de3b94218d8597fe6499add95967f86dd33d12bbbeaaa71f10836c67"
    },
    {
      "path": "commands/I-HARDEN.md",
      "sha256": "a1bd097b302714b7832cfc10c741dc774768de16ba1f41209f7943eb226251ab"
    },
    {
      "path": "commands/I-POLISH.md",
      "sha256": "09309a7cd75093b81758c1cf4a059fc92ba715e315559009b3662c3fa390f106"
    },
    {
      "path": "commands/IMPLEMENT.md",
      "sha256": "16cb45555e59355c76455ef51bd6ff97f42926432a538199cfb2bb5d13b24280"
    },
    {
      "path": "commands/JOURNAL.md",
      "sha256": "d341278a9baee6771e84672406fe591aac0adda554320856394055d0170162a1"
    },
    {
      "path": "commands/LEARN.md",
      "sha256": "d3e45f235af82d85e1d7ee0afc81792e2f4753ee4f4f64e7e739b8651c046b64"
    },
    {
      "path": "commands/MIGRATE.md",
      "sha256": "1129535517b7e623b56f0396d81f53a26945d56f3c30e876900d91838769aeee"
    },
    {
      "path": "commands/ONBOARD-STACK.md",
      "sha256": "4837cac6f8bfa14abedfe2f7c72df0065f4c9d40824d16e8f76d8515273a4f98"
    },
    {
      "path": "commands/ONBOARD.md",
      "sha256": "ac52940988d9384f504eee46937153a9d003204189156ee776c58495ac7ab0c5"
    },
    {
      "path": "commands/PICKUP.md",
      "sha256": "84001222ee93e90afe723b937d18e3c2f359a2e5afd3bb107955e00debfc684a"
    },
    {
      "path": "commands/POSTURE.md",
      "sha256": "7c1420b10831c0cada9470201ec7b89e1f9ea79fc7f61d277bcea0b0d7c885db"
    },
    {
      "path": "commands/RECONCILE-NOTES.md",
      "sha256": "875d5d331cb05fc542a87ab5a1bffea07f9cc915b65b816ffc656f0a20afad3c"
    },
    {
      "path": "commands/REDTEAM.md",
      "sha256": "9a2b9a747b9bb6d4f9f9b0e8512a44a1bf2709a3f431be0d590772eca7489242"
    },
    {
      "path": "commands/RELEASE-CLAIM.md",
      "sha256": "1339d5fe024a796d7bb6b5dbe25867cbf79ab6123d6374c330ef8384052d3282"
    },
    {
      "path": "commands/RELEASE.md",
      "sha256": "4f6ae0941e6fce13e8fff78fe74d420d4649e470004be394f760774452edba3c"
    },
    {
      "path": "commands/START.md",
      "sha256": "c8dbf33cc8034c2ee1b55a8d180f591373f453a707b032d899c8e40dbcbcab08"
    },
    {
      "path": "commands/SWEEP.md",
      "sha256": "44bb6fa83b5a7ae1c61c67568c73f486f4463325622b2f20a406a6f0f6e00e7c"
    },
    {
      "path": "commands/SYNC-FROM-DOWNSTREAM.md",
      "sha256": "f61aab1b76f3785db9eacff8a3112ac60e56e9c913087b204bc09d654f44cd89"
    },
    {
      "path": "commands/SYNC-FROM-TEMPLATE.md",
      "sha256": "70396c5ae15338b1cd7068e8ec57b23f134cbeefd920f62d2e23176b9cbc649f"
    },
    {
      "path": "commands/TEST.md",
      "sha256": "403b20a1399257f43f23a17d5c37cb48ea5a165ff38fce9ad950acbb557a84b2"
    },
    {
      "path": "commands/TODOS.md",
      "sha256": "7de70c43853be2e05cc7d6c84b15b2147ca833beed1b55ea4b929bd672efda46"
    },
    {
      "path": "commands/VALIDATE.md",
      "sha256": "314c0f98d462503b6e8bbc693b8608bbf4820c97b2ad3815c7ab7e210c1947a4"
    },
    {
      "path": "commands/VET.md",
      "sha256": "15eaeb4d4697e762a464336a2f2bc94ae883205ae519740e4d0b5bb2b47d05af"
    },
    {
      "path": "commands/WHOAMI.md",
      "sha256": "4087b302c79b2f9a11b57f3b78b2282b7d1133a862c1dfddffb73ae29c5ed968"
    },
    {
      "path": "commands/WORKTREE.md",
      "sha256": "149b5b3cf9374d4d675b0521091b6012f2dad896e7da8b9f5b321b48f0b99a13"
    },
    {
      "path": "commands/WRAPUP.md",
      "sha256": "42a67d376d275e544ce7c9d52117fa59e2498c419444be66a5606f936f48cad1"
    },
    {
      "path": "commands/WS.md",
      "sha256": "9966f6bf2076385342058fd30fe9135274229549420799b19a59ade2bb09b111"
    },
    {
      "path": "rules/ADVERSARIAL-COVERAGE.md",
      "sha256": "6e0d747e091297a541168273c4607f6ac728ddd786262433593161d3ca645bbd"
    },
    {
      "path": "rules/AGENT-REASONING.md",
      "sha256": "31ce73dd2521805af51b21c2521171a1cc439f4c55994166bc5390a939117ab3"
    },
    {
      "path": "rules/AGENTS.md",
      "sha256": "88eda356324601d0be88f248506c6354d86e7209cd7eea5649cb50ff548be8aa"
    },
    {
      "path": "rules/ANALYZE-OUTPUT-COMPLETENESS.md",
      "sha256": "7481eebcf0022bbf9d8fe61471a0aef6eea09a33d1ae4a393613682f30a6eb3b"
    },
    {
      "path": "rules/ARTIFACT-FLOW.md",
      "sha256": "386dbf145a107147744ad1aca90c3ed9341f068a8082e31ec37143ec0b6c7269"
    },
    {
      "path": "rules/ARTIFACT-STRANDING.md",
      "sha256": "cb044aaa339825e38c3132c90f65777d392f5b58917d216e2c34d75364bdf6fd"
    },
    {
      "path": "rules/AUTONOMOUS-EXECUTION.md",
      "sha256": "e160e9da9c2cec14e0e2282875c4fcf08599116e9384cdedd9bd037d56698ef0"
    },
    {
      "path": "rules/BURN-DOWN-REPORTING.md",
      "sha256": "a0ce6c2c3969bc542153658df210c4579d903dc479f90931138842b7112610bd"
    },
    {
      "path": "rules/BURNDOWN-INTEGRITY.md",
      "sha256": "45e3d8cf78c8908f0aa7ac1a45f4052b6a9ccfc2e59b73ad74efda3d765a89c5"
    },
    {
      "path": "rules/BURNDOWN-TRACEABILITY.md",
      "sha256": "8f2c4b653139cfc60ce7d75c923b4faf03f846de0e4ecd07ca86cb4b1668a72a"
    },
    {
      "path": "rules/CC-ARTIFACTS.md",
      "sha256": "d9fc714516d8d6fce44fbfd47ae9d85da35897bbd7414d8d03bf6fcd9a2482cf"
    },
    {
      "path": "rules/CI-COST-DISCIPLINE.md",
      "sha256": "3fe75d9eb48aea001a2998ff5f80c84c9687d3b46462950f162f0cad52e48c2e"
    },
    {
      "path": "rules/CI-JOB-BUDGET.md",
      "sha256": "490ad7a1e215aa3c11e9597f5ffc51fba0b33690687eecaed687152191309377"
    },
    {
      "path": "rules/CI-RUNNERS.md",
      "sha256": "6e674b1b1d764ac5a5be1514defe93df3c2ca278b1007fb4900874f684e05719"
    },
    {
      "path": "rules/COMMAND-SKILL-PARITY.md",
      "sha256": "a0b8e536035a570c96dd81cc4fd74935865538476b41dd966676bb19d5dc11d6"
    },
    {
      "path": "rules/COMMUNICATION.md",
      "sha256": "96dd687d3f422d53e11762baedb5472efc9199ee7510ec7b18c7a463f2ee3f78"
    },
    {
      "path": "rules/COMPLETION-CRITERION.md",
      "sha256": "9b2c3157904512122f831922c870a4b0d70ae1a46f88fe66163169cba0e4bdb2"
    },
    {
      "path": "rules/CONFORMANCE-WALK.md",
      "sha256": "47745020c971594c59c626cd56f975f53ab1a43506eb6cfc116e6bccd15b6407"
    },
    {
      "path": "rules/CONSERVATION-GATE.md",
      "sha256": "6a2bff4524330f95b33669e18786ab357bf48d8ed2e980098cc1ebe876ec982f"
    },
    {
      "path": "rules/CROSS-CLI-ARTIFACT-HYGIENE.md",
      "sha256": "4438bf9ca560fca366551165e972f786cd72f9682d016c508bc5b6ab003661ce"
    },
    {
      "path": "rules/DEFERRAL-REGISTRY-LOCALITY.md",
      "sha256": "4a6adb8c347fafda98b5fe962dded0b6ae9897dc28eb173b2af5b05a857a554e"
    },
    {
      "path": "rules/DEPENDENCIES.md",
      "sha256": "021549422432284a62b75e7172eb4cf0140d4fb5908d8741775ccc2b6459d007"
    },
    {
      "path": "rules/DEPLOY-HYGIENE.md",
      "sha256": "d9f397aa674106e4bbeb58b1499aa583f8baab1d02eabead40ba21eeb0130eba"
    },
    {
      "path": "rules/DEPLOYMENT.md",
      "sha256": "821421d888a59ed8d827f94b63e71c92b1fbb1e469cd82e4e8d0204879f1d45e"
    },
    {
      "path": "rules/E2E-GOD-MODE.md",
      "sha256": "87961911bd60027c93c4a4df4291ddc7b86c00ddb2206465ddcd90addbea6107"
    },
    {
      "path": "rules/ENROLLMENT-OPERATIONS.md",
      "sha256": "4c2c95b7ee30576bec77d36a5715256b8ad7e2ae221ae14c774d9c5eee56a2f8"
    },
    {
      "path": "rules/ENV-MODELS.md",
      "sha256": "e3c3b767a9742572da0a13ad5d38eb14c8448e64c564f14bb61c06e2a6d6a469"
    },
    {
      "path": "rules/EVIDENCE-FIRST-CLAIMS.md",
      "sha256": "edd982fd60b90d91287a85587688680e48ada92104dad3c2255c3e24420160eb"
    },
    {
      "path": "rules/FACADE-MANAGER-DETECTION.md",
      "sha256": "11c88bad12a3684506a2917408fad8c0ce9921f2957faf3c5ea5a0a157adb423"
    },
    {
      "path": "rules/GIT.md",
      "sha256": "b5e0fbe281795977879dccf425b9e52941230491608cd478d5351a0db99014dc"
    },
    {
      "path": "rules/GOVERNED-THROUGHPUT.md",
      "sha256": "0f0ba7fee4b3f85d93a4a96c3ef76d690338a9ee98182bddb750a35d61e83aeb"
    },
    {
      "path": "rules/HANDOFF-COMPLETION.md",
      "sha256": "0dd6dd54c3485579ee2e93dc9ff34d0febe0e57cd39cc9222c9a8005a36168ad"
    },
    {
      "path": "rules/HOOK-EVENT-SELECTION.md",
      "sha256": "2bfbacaa45480ee639a1b2bf2437b15b3ecba31a8e8bffdc4500fbdbc1f4c384"
    },
    {
      "path": "rules/HOOK-OUTPUT-DISCIPLINE.md",
      "sha256": "e2c94dc2fafeb8c1587cb85b0ccad67664ddd8c7dd8f2cdac86583ea1d831bbb"
    },
    {
      "path": "rules/INSTRUMENT-BIPOLARITY.md",
      "sha256": "89d779410f56ee4848a6d1b2118d9b37a8893500a7468230e2f8403282852954"
    },
    {
      "path": "rules/INSTRUMENT-DISCIPLINE.md",
      "sha256": "366de9025e23417092b7981b8e332735e1c761e25827961b89f4622a1b2937a4"
    },
    {
      "path": "rules/ISSUE-TRIAGE-ROUTING.md",
      "sha256": "ed7e72ebe99943f15e3284e7cfec169301356531e9e2c0a3c7dda06f1fe0be56"
    },
    {
      "path": "rules/JOURNAL-AUTHOR-DISCIPLINE.md",
      "sha256": "1978f2b6cee7b2699b9f9fc7cf40fbd26356d1ebed61ce7ca9e93a94d488fc39"
    },
    {
      "path": "rules/JOURNAL.md",
      "sha256": "bc2929beb2d6f2af4086ee959ed5094212958881b25bcd24c60e3d6dcc98c39d"
    },
    {
      "path": "rules/KNOWLEDGE-CASCADE-ROUTING.md",
      "sha256": "9db1beb41ac412ab28f43ac3c3371e83c8a8acd1a726a75447007759353fda8f"
    },
    {
      "path": "rules/KNOWLEDGE-CONVERGENCE.md",
      "sha256": "98d2ccf76c7ad2beb62c9cc59156259abff3d12ac332b85bc683ef2b9966319b"
    },
    {
      "path": "rules/MULTI-OPERATOR-COORDINATION.md",
      "sha256": "ce409d34d34838f3ccb2037dca691df844e6432c0fafc8112460e9545327d43d"
    },
    {
      "path": "rules/OBSERVABILITY.md",
      "sha256": "08fa900d906838a9d573e972bdacff826e07392383c50d25742021bc6d19c3e5"
    },
    {
      "path": "rules/ORCHESTRATION-LAUNCH-LEDGER.md",
      "sha256": "9732ffc28552640eca86052e7f7e196306509deebb9fdc528119476b48c1a189"
    },
    {
      "path": "rules/ORCHESTRATOR-CONTEXT-ECONOMY.md",
      "sha256": "a1608709a0ce8c85cd72d6af79cb9007a4f7dd0e3ab43083b6b93bc86ac9e4bf"
    },
    {
      "path": "rules/ORPHAN-DETECTION.md",
      "sha256": "a677cd8faa47a168f949df1122f9fef8640c8d4c6d10b328e7636b5abf6457c2"
    },
    {
      "path": "rules/PROBE-DRIVEN-VERIFICATION.md",
      "sha256": "e6770bc415ce7885596c3bec05a90f7b162552955648410fcf26730ba2e8cded"
    },
    {
      "path": "rules/PRODUCT-COMPLETION-FIRST.md",
      "sha256": "82f51ff08b755a85b75c9a41f83b635c60086bbe21d5c2e2d7c4c325e5414b15"
    },
    {
      "path": "rules/PROPOSAL-INTAKE-TRUST.md",
      "sha256": "589c39217e7a2ccfc8bc64ae0ce0656317203621365bf2334e115c224b69ca2e"
    },
    {
      "path": "rules/PYTHON-ENVIRONMENT.md",
      "sha256": "b46c07c519b3de19be742899a529177e6b4c29ae1101c1b644e2868c4876749f"
    },
    {
      "path": "rules/RECOMMENDATION-QUALITY.md",
      "sha256": "de5a738fefc01e0501017aa75eac9e76b7d0641e4176ad7c002b0e83688e571c"
    },
    {
      "path": "rules/REFACTOR-INVARIANTS.md",
      "sha256": "65875b76cd61d8486cdabfb275c284f575a586b5b7d177863e942fc792c4f10a"
    },
    {
      "path": "rules/REPO-SCOPE-DISCIPLINE.md",
      "sha256": "c3b152762d47bafc14bd08c4ca95b306990e5745df1e1449b7886fb22dd17fbc"
    },
    {
      "path": "rules/RULE-AUTHORING.md",
      "sha256": "d4c6d4c206919f73be99d577c36e0ba89e8aca2d5ac3dada7fc27e420532955c"
    },
    {
      "path": "rules/SCHEMA-MIGRATION.md",
      "sha256": "4e446bac4e2073594c7001be4f5828599fa21f9874951ca88163cdee40617164"
    },
    {
      "path": "rules/SCRIPT-TOOL-MANIFEST-SANITY.md",
      "sha256": "728ec9f8da99b60be19d68e6886d9b2e94df503ace8d5f623d3596988ccbb0de"
    },
    {
      "path": "rules/SECURITY.md",
      "sha256": "1facd2c75848d53ca707112ebb75d584302d9eea2336e96dc50c8fa6bd861ff5"
    },
    {
      "path": "rules/SELF-REFERENTIAL-CODIFY.md",
      "sha256": "0b236f33099c9283bf79a130e4e4005942cced73f9554833cad95b8c67501c39"
    },
    {
      "path": "rules/SESSION-NOTES-CONTINUITY.md",
      "sha256": "5d14a15d0f954aa43056c2f4d98c7c111881c792b3289f1c8f127d92a47dad59"
    },
    {
      "path": "rules/SPEC-ACCURACY.md",
      "sha256": "95c0e6aa835b6319d7775e9eb4112d519f2a89557d1711920641375b60be7b79"
    },
    {
      "path": "rules/SPECS-AUTHORITY.md",
      "sha256": "cd583c2309335414ec119e9f8b1328bf082b2db16490f12d295c4f46ac1344ec"
    },
    {
      "path": "rules/STACK-DETECTION.md",
      "sha256": "53049efb690b91bfab7ba1398580fee7be5478ec068e2544c014930d615a0949"
    },
    {
      "path": "rules/STATE-FILE-WRITE-GUARD.md",
      "sha256": "00822acbfbabf2aea4528ce0bff87e6d71f045590370c1e508c009e5168da306"
    },
    {
      "path": "rules/STATE-REGRESSION-INTEGRITY.md",
      "sha256": "faec25adf736831eac9cc40a29eae894f446c90c77e9140badc779bef754fda0"
    },
    {
      "path": "rules/SWEEP-COMPLETENESS.md",
      "sha256": "a5eb49794ce0d5f9484c20467dea20d036fb5f2ff6e76a71da6ddc18623aecdd"
    },
    {
      "path": "rules/SYMBOL-ANCHORED-CITATIONS.md",
      "sha256": "8a6a00ece818a5a270076858b0729364bdd1f2f5864c4302cbcc0d4d8f1042b2"
    },
    {
      "path": "rules/TESTING.md",
      "sha256": "91826ae026cfbc4a7ae74e670626d60e9b7e01cc579f9c0f3bc12c7814981c36"
    },
    {
      "path": "rules/TIME-PRESSURE-DISCIPLINE.md",
      "sha256": "e8f8d8108f7471dcc164b202cd509e388ee53e144792b40c311f46fcb32083ed"
    },
    {
      "path": "rules/TRUST-POSTURE.md",
      "sha256": "dbe0d892e6851d671f0262517773c93de3e4f1a74bb5adeabe9a38f16f6cafa1"
    },
    {
      "path": "rules/TYPE-RELAXATION-SWEEP.md",
      "sha256": "3d65758e10dbb09ff4147ba1d684d7b519ad763cc8ba7cedef4ec0fd439c6e39"
    },
    {
      "path": "rules/UI-BACKEND-DEFENSE.md",
      "sha256": "72cb970ea34ae769abe6d2c71499d8e2424125b28784e483fed8b20fab590220"
    },
    {
      "path": "rules/UPSTREAM-ISSUE-HYGIENE.md",
      "sha256": "8685f7914352a9bdbc2f65026894339000f4db41d9ab0b0c8b969f7f587c3e37"
    },
    {
      "path": "rules/USER-FLOW-VALIDATION.md",
      "sha256": "2b613d83596a0fee1cb0b13e2d4773e10191c298b15b6a8b038415249551f739"
    },
    {
      "path": "rules/VALUE-PRIORITIZATION.md",
      "sha256": "c736f6e97a6f78c754e7dcd46d0e74f69d6f93c6d3c7fac6625bb5ec9df46d1f"
    },
    {
      "path": "rules/VERIFICATION-GATE-INTEGRITY.md",
      "sha256": "72ea8190da222351efe73831fc6fd28f85a7b729442dbe38fbe81b4091bc44da"
    },
    {
      "path": "rules/VERIFY-CLAIMS-BEFORE-WRITE.md",
      "sha256": "a54b9f640b730b8dd4ea71738dd604b5586fced65e6e978e93189a65cf51cecd"
    },
    {
      "path": "rules/VERIFY-RESOURCE-EXISTENCE.md",
      "sha256": "cc389a63553f46eabeab00cef54a27f784e073a30fb9356b47ee2bc2500c952c"
    },
    {
      "path": "rules/WAVE-LOOP.md",
      "sha256": "f95f9d026faa9fab9d3577d8eda531451cd7f39619a60dc42e6bac183a278ee0"
    },
    {
      "path": "rules/WIP-DISCIPLINE.md",
      "sha256": "4948649f28f9756f1ecd0c79afe36722ec0418f069d5ac9e74fb3fbd38bb6b70"
    },
    {
      "path": "rules/WORKTREE-ISOLATION.md",
      "sha256": "3397ef4379b0399b96e0ad1a0ac362d0c6aa0cf763ba1c48d211188d851aa9dc"
    },
    {
      "path": "rules/ZERO-TOLERANCE.md",
      "sha256": "aed07f53d5059660c7d653e9c620bf5f33736061499eaa7233a892aca25f09aa"
    },
    {
      "path": "skills/CI-GATE-SELECTION.md",
      "sha256": "251b96bae3870e18bfe5774a6d094c319b2ba7d8a670f78af0e2483215fa4241"
    },
    {
      "path": "skills/CO-REFERENCE.md",
      "sha256": "af88ceaa28db419d744dac8e0088ea7db1e4b7a76dc5333e7b3153c33966fc21"
    },
    {
      "path": "skills/CODEX-COORDINATION.md",
      "sha256": "27684a2e86e96ceef7d009de9b37ceb705cf10e0292b0e326d80629a7b0d91f2"
    },
    {
      "path": "skills/COMMAND-AUTHORING.md",
      "sha256": "5890fd30918790a585954a7b7ec25f28f0fb023a4fcb5dadcc285848831b73af"
    },
    {
      "path": "skills/CONFORMANCE-WALK.md",
      "sha256": "a54edec24b478359cf6a0064aa7a38e684bab0589bbebc7353ff3964c4c4208a"
    },
    {
      "path": "skills/HOOK-AUTHORING.md",
      "sha256": "c286d6c2251573e00c58a662af2ef40be32b34e5dc8db9c7f1764297d7e67642"
    },
    {
      "path": "skills/ISSUE-TRIAGE-ROUTING.md",
      "sha256": "9dfbad53da0bab56067a412fc2cae880e8127bac4360fd24cf95ebc48e2ee0ab"
    },
    {
      "path": "skills/LANE-PLANNING.md",
      "sha256": "1e70b3bfba4bef5983a7038b2143024da8421d118ff5153646ab742810cb68e5"
    },
    {
      "path": "skills/PICKUP.md",
      "sha256": "eba16941e3d4531d213e8e3aac572591892714edba553dd21a16025e639eee57"
    },
    {
      "path": "skills/S10-DEPLOYMENT-GIT.md",
      "sha256": "3a0c7479bdea952e68047fa6d5ce2f9dc4a864fac9145e955a5cb88f26c4bc22"
    },
    {
      "path": "skills/S12-TESTING-STRATEGIES.md",
      "sha256": "4e9c1545ae74facf2612ee66e51894ed4f320bed9e6e92868360aa4a45db11bb"
    },
    {
      "path": "skills/S16-VALIDATION-PATTERNS.md",
      "sha256": "baf72929a4e1a13dc11f1b7736eab503edb9330573fc851c3efe1d8fe152d627"
    },
    {
      "path": "skills/S17-GOLD-STANDARDS.md",
      "sha256": "841b99ab5ee6d77bc65a449ec544bf9f78b2d6337ff93d4c617b452618457239"
    },
    {
      "path": "skills/S18-SECURITY-PATTERNS.md",
      "sha256": "270ecf1997f456ceba2feb12dee70c9fe52ef60e6a6936ca3b8221a8a83005e8"
    },
    {
      "path": "skills/S23-UIUX-DESIGN-PRINCIPLES.md",
      "sha256": "d55a2c15fd89f8bea56f3c74cf0ed38ba4e3e913be16cfe34648e9b714a8d602"
    },
    {
      "path": "skills/S25-AI-INTERACTION-PATTERNS.md",
      "sha256": "26e68451310138f0143d7cb9e681b75db1c54ed10f89e821620fb9a0bb15e21a"
    },
    {
      "path": "skills/S26-EATP-REFERENCE.md",
      "sha256": "cd8b98fd954ab0e52cb477253860b1d1277ffbdfb41e84360fa8ec6a39626702"
    },
    {
      "path": "skills/S29-PACT.md",
      "sha256": "1c791773b3bd60625b7398299674565724e0fe805431c9a18af5cf841ad4b8a2"
    },
    {
      "path": "skills/S30-CLAUDE-CODE-PATTERNS.md",
      "sha256": "2705f49e8325284dfc8194777a1ed337623eca00b8514c3dca32703db470fcf2"
    },
    {
      "path": "skills/S32-TRUST-POSTURE.md",
      "sha256": "f6215069e5bc8a82885cbba6356e4b8b4b5fc473c516bd6a18834e4ff3057595"
    },
    {
      "path": "skills/S36-CLAUDE-MANAGED-AGENTS.md",
      "sha256": "9e3784fb139973587ba7ab4e6f43be8072844a16b9e3f948574456f66709863a"
    },
    {
      "path": "skills/S40-STACK-ONBOARDING-GO.md",
      "sha256": "ee076843c4f9e4695882aaf04cb1cf5c6a73e7e2e2a7ed3216159da88bc323aa"
    },
    {
      "path": "skills/S40-STACK-ONBOARDING-PYTHON.md",
      "sha256": "e55342f93b68227f5dc8ce781c600fe2ee80a3fa8bacb2b7399cf17a64b6eb86"
    },
    {
      "path": "skills/S40-STACK-ONBOARDING-RUST.md",
      "sha256": "da2b09aa9e1200add0b1ec120205f76d7b12dd3644eac664ebdf6a2fa7a362e5"
    },
    {
      "path": "skills/S40-STACK-ONBOARDING-TYPESCRIPT.md",
      "sha256": "8bb2efcfd0a8950ca49e3463856105e6a1c2bd383509347d6c74ab0ac447f8f1"
    },
    {
      "path": "skills/S41-ONBOARD.md",
      "sha256": "0c9d76df5de11015b9fa535800817a9aa9ad239a1d07648736a9f163447dfe3c"
    },
    {
      "path": "skills/S42-CERTIFY.md",
      "sha256": "d84eeb913036e1bea3d507e3776c6aaa61a642ea00af5aa948e3aa1d5780cc53"
    },
    {
      "path": "skills/S43-ECOSYSTEM-INIT.md",
      "sha256": "5e884436d9f88336480dbb00df4cdb611d4a33c03a247ea9d204abee617b6ee0"
    },
    {
      "path": "skills/S44-ENROLL.md",
      "sha256": "5332796644b0737db9d514de81f1bc8c785031d45fb434c957ebf0c3d98fbe98"
    },
    {
      "path": "skills/S45-GENESIS-BOOTSTRAP.md",
      "sha256": "9285de9d8b3cb9450c8e5b7d477080a4dd380f4b43311adf56259deed7a6a9f6"
    },
    {
      "path": "skills/S46-CLEAN-INSTANTIATE.md",
      "sha256": "f06435102d211cc9573d908aa15f7b63a697185963f118b35a742dc1cd05e77f"
    },
    {
      "path": "skills/S47-LOOM-DOCTOR.md",
      "sha256": "3ce6c1db926a53e4cbe863dbfa4efc9477257bac74766900c20129470b75d56e"
    },
    {
      "path": "skills/SKILL-AUTHORING.md",
      "sha256": "fde218737600a31776a42826b46714261d328015fe18a60af0600e2c39f72f2e"
    },
    {
      "path": "skills/SPEC-COMPLIANCE.md",
      "sha256": "3da5b0e7e79d56b08d5d870f8ee441ceff06b1995d4872a2dde3ed7fd5213f84"
    },
    {
      "path": "skills/SWEEP.md",
      "sha256": "d9ca7f423e3ed3f01da2e24eed32c5f6f7074456822201ff57593db3a823b0a7"
    },
    {
      "path": "skills/TEST-SKIP-DISCIPLINE.md",
      "sha256": "9d24148ce5dc0ea860707ede4a10cb6044b3daf31dde6cbf31cee83b3ccf1b6c"
    },
    {
      "path": "skills/WRAPUP.md",
      "sha256": "0b0cb0dabd7375a9b2a6ab5fe88f65397aef19f77cbeb6b10cff368a1189cfb6"
    }
  ]
}
